// !$*UTF8*$!
{
	archiveVersion = 1;
	classes = {
	};
	objectVersion = 51;
	objects = {

/* Begin PBXBuildFile section */
		A462C8A9D72FC6C718BE1385 /* Pods_ParstagramTests.framework in Frameworks */ = {isa = PBXBuildFile; fileRef = E8A95AE507E61A3E37990EBB /* Pods_ParstagramTests.framework */; };
		A577F39D237F30FA0089981F /* AppDelegate.swift in Sources */ = {isa = PBXBuildFile; fileRef = A577F39C237F30FA0089981F /* AppDelegate.swift */; };
		A577F39F237F30FA0089981F /* SceneDelegate.swift in Sources */ = {isa = PBXBuildFile; fileRef = A577F39E237F30FA0089981F /* SceneDelegate.swift */; };
		A577F3A4237F30FA0089981F /* Main.storyboard in Resources */ = {isa = PBXBuildFile; fileRef = A577F3A2237F30FA0089981F /* Main.storyboard */; };
		A577F3A6237F30FB0089981F /* Assets.xcassets in Resources */ = {isa = PBXBuildFile; fileRef = A577F3A5237F30FB0089981F /* Assets.xcassets */; };
		A577F3A9237F30FB0089981F /* LaunchScreen.storyboard in Resources */ = {isa = PBXBuildFile; fileRef = A577F3A7237F30FB0089981F /* LaunchScreen.storyboard */; };
		A577F3B4237F30FB0089981F /* ParstagramTests.swift in Sources */ = {isa = PBXBuildFile; fileRef = A577F3B3237F30FB0089981F /* ParstagramTests.swift */; };
		A577F3BF237F30FB0089981F /* ParstagramUITests.swift in Sources */ = {isa = PBXBuildFile; fileRef = A577F3BE237F30FB0089981F /* ParstagramUITests.swift */; };
		A577F3CD237F37470089981F /* LoginViewController.swift in Sources */ = {isa = PBXBuildFile; fileRef = A577F3CC237F37470089981F /* LoginViewController.swift */; };
		A577F3CF237F374E0089981F /* FeedViewController.swift in Sources */ = {isa = PBXBuildFile; fileRef = A577F3CE237F374E0089981F /* FeedViewController.swift */; };
		A577F3D1237F44950089981F /* CameraViewController.swift in Sources */ = {isa = PBXBuildFile; fileRef = A577F3D0237F44950089981F /* CameraViewController.swift */; };
		A577F3D3237F72F80089981F /* PostCell.swift in Sources */ = {isa = PBXBuildFile; fileRef = A577F3D2237F72F80089981F /* PostCell.swift */; };
		A5F59AC22388CE460040A1C9 /* CommentCell.swift in Sources */ = {isa = PBXBuildFile; fileRef = A5F59AC12388CE460040A1C9 /* CommentCell.swift */; };
		B7F0309ED3989B063715C900 /* Pods_Parstagram_ParstagramUITests.framework in Frameworks */ = {isa = PBXBuildFile; fileRef = DF608A91EB2A1446AC223BF5 /* Pods_Parstagram_ParstagramUITests.framework */; };
		C148F40F534C0721AE00E5A7 /* Pods_Parstagram.framework in Frameworks */ = {isa = PBXBuildFile; fileRef = 5AA3F8F2C0E8DB3022FEC16D /* Pods_Parstagram.framework */; };
/* End PBXBuildFile section */

/* Begin PBXContainerItemProxy section */
		A577F3B0237F30FB0089981F /* PBXContainerItemProxy */ = {
			isa = PBXContainerItemProxy;
			containerPortal = A577F391237F30F90089981F /* Project object */;
			proxyType = 1;
			remoteGlobalIDString = A577F398237F30F90089981F;
			remoteInfo = Parstagram;
		};
		A577F3BB237F30FB0089981F /* PBXContainerItemProxy */ = {
			isa = PBXContainerItemProxy;
			containerPortal = A577F391237F30F90089981F /* Project object */;
			proxyType = 1;
			remoteGlobalIDString = A577F398237F30F90089981F;
			remoteInfo = Parstagram;
		};
/* End PBXContainerItemProxy section */

/* Begin PBXFileReference section */
		2699060E3885F5FAD1E59753 /* Pods-Parstagram-ParstagramUITests.debug.xcconfig */ = {isa = PBXFileReference; includeInIndex = 1; lastKnownFileType = text.xcconfig; name = "Pods-Parstagram-ParstagramUITests.debug.xcconfig"; path = "Target Support Files/Pods-Parstagram-ParstagramUITests/Pods-Parstagram-ParstagramUITests.debug.xcconfig"; sourceTree = "<group>"; };
		48B49C03FD1CC12CB06C890D /* Pods-Parstagram.debug.xcconfig */ = {isa = PBXFileReference; includeInIndex = 1; lastKnownFileType = text.xcconfig; name = "Pods-Parstagram.debug.xcconfig"; path = "Target Support Files/Pods-Parstagram/Pods-Parstagram.debug.xcconfig"; sourceTree = "<group>"; };
		5AA3F8F2C0E8DB3022FEC16D /* Pods_Parstagram.framework */ = {isa = PBXFileReference; explicitFileType = wrapper.framework; includeInIndex = 0; path = Pods_Parstagram.framework; sourceTree = BUILT_PRODUCTS_DIR; };
		A45CF858D7037DF5FD50729F /* Pods-Parstagram-ParstagramUITests.release.xcconfig */ = {isa = PBXFileReference; includeInIndex = 1; lastKnownFileType = text.xcconfig; name = "Pods-Parstagram-ParstagramUITests.release.xcconfig"; path = "Target Support Files/Pods-Parstagram-ParstagramUITests/Pods-Parstagram-ParstagramUITests.release.xcconfig"; sourceTree = "<group>"; };
		A577F399237F30FA0089981F /* Parstagram.app */ = {isa = PBXFileReference; explicitFileType = wrapper.application; includeInIndex = 0; path = Parstagram.app; sourceTree = BUILT_PRODUCTS_DIR; };
		A577F39C237F30FA0089981F /* AppDelegate.swift */ = {isa = PBXFileReference; lastKnownFileType = sourcecode.swift; path = AppDelegate.swift; sourceTree = "<group>"; };
		A577F39E237F30FA0089981F /* SceneDelegate.swift */ = {isa = PBXFileReference; lastKnownFileType = sourcecode.swift; path = SceneDelegate.swift; sourceTree = "<group>"; };
		A577F3A3237F30FA0089981F /* Base */ = {isa = PBXFileReference; lastKnownFileType = file.storyboard; name = Base; path = Base.lproj/Main.storyboard; sourceTree = "<group>"; };
		A577F3A5237F30FB0089981F /* Assets.xcassets */ = {isa = PBXFileReference; lastKnownFileType = folder.assetcatalog; path = Assets.xcassets; sourceTree = "<group>"; };
		A577F3A8237F30FB0089981F /* Base */ = {isa = PBXFileReference; lastKnownFileType = file.storyboard; name = Base; path = Base.lproj/LaunchScreen.storyboard; sourceTree = "<group>"; };
		A577F3AA237F30FB0089981F /* Info.plist */ = {isa = PBXFileReference; lastKnownFileType = text.plist.xml; path = Info.plist; sourceTree = "<group>"; };
		A577F3AF237F30FB0089981F /* ParstagramTests.xctest */ = {isa = PBXFileReference; explicitFileType = wrapper.cfbundle; includeInIndex = 0; path = ParstagramTests.xctest; sourceTree = BUILT_PRODUCTS_DIR; };
		A577F3B3237F30FB0089981F /* ParstagramTests.swift */ = {isa = PBXFileReference; lastKnownFileType = sourcecode.swift; path = ParstagramTests.swift; sourceTree = "<group>"; };
		A577F3B5237F30FB0089981F /* Info.plist */ = {isa = PBXFileReference; lastKnownFileType = text.plist.xml; path = Info.plist; sourceTree = "<group>"; };
		A577F3BA237F30FB0089981F /* ParstagramUITests.xctest */ = {isa = PBXFileReference; explicitFileType = wrapper.cfbundle; includeInIndex = 0; path = ParstagramUITests.xctest; sourceTree = BUILT_PRODUCTS_DIR; };
		A577F3BE237F30FB0089981F /* ParstagramUITests.swift */ = {isa = PBXFileReference; lastKnownFileType = sourcecode.swift; path = ParstagramUITests.swift; sourceTree = "<group>"; };
		A577F3C0237F30FB0089981F /* Info.plist */ = {isa = PBXFileReference; lastKnownFileType = text.plist.xml; path = Info.plist; sourceTree = "<group>"; };
		A577F3CC237F37470089981F /* LoginViewController.swift */ = {isa = PBXFileReference; lastKnownFileType = sourcecode.swift; path = LoginViewController.swift; sourceTree = "<group>"; };
		A577F3CE237F374E0089981F /* FeedViewController.swift */ = {isa = PBXFileReference; lastKnownFileType = sourcecode.swift; path = FeedViewController.swift; sourceTree = "<group>"; };
		A577F3D0237F44950089981F /* CameraViewController.swift */ = {isa = PBXFileReference; lastKnownFileType = sourcecode.swift; path = CameraViewController.swift; sourceTree = "<group>"; };
		A577F3D2237F72F80089981F /* PostCell.swift */ = {isa = PBXFileReference; lastKnownFileType = sourcecode.swift; path = PostCell.swift; sourceTree = "<group>"; };
		A5F59AC12388CE460040A1C9 /* CommentCell.swift */ = {isa = PBXFileReference; lastKnownFileType = sourcecode.swift; path = CommentCell.swift; sourceTree = "<group>"; };
		DF608A91EB2A1446AC223BF5 /* Pods_Parstagram_ParstagramUITests.framework */ = {isa = PBXFileReference; explicitFileType = wrapper.framework; includeInIndex = 0; path = Pods_Parstagram_ParstagramUITests.framework; sourceTree = BUILT_PRODUCTS_DIR; };
		E6B0A9530613E1C87AB7D71B /* Pods-ParstagramTests.release.xcconfig */ = {isa = PBXFileReference; includeInIndex = 1; lastKnownFileType = text.xcconfig; name = "Pods-ParstagramTests.release.xcconfig"; path = "Target Support Files/Pods-ParstagramTests/Pods-ParstagramTests.release.xcconfig"; sourceTree = "<group>"; };
		E8642423BB22BF07852353C7 /* Pods-Parstagram.release.xcconfig */ = {isa = PBXFileReference; includeInIndex = 1; lastKnownFileType = text.xcconfig; name = "Pods-Parstagram.release.xcconfig"; path = "Target Support Files/Pods-Parstagram/Pods-Parstagram.release.xcconfig"; sourceTree = "<group>"; };
		E8A95AE507E61A3E37990EBB /* Pods_ParstagramTests.framework */ = {isa = PBXFileReference; explicitFileType = wrapper.framework; includeInIndex = 0; path = Pods_ParstagramTests.framework; sourceTree = BUILT_PRODUCTS_DIR; };
		EA7AAA79C36172BFA659568B /* Pods-ParstagramTests.debug.xcconfig */ = {isa = PBXFileReference; includeInIndex = 1; lastKnownFileType = text.xcconfig; name = "Pods-ParstagramTests.debug.xcconfig"; path = "Target Support Files/Pods-ParstagramTests/Pods-ParstagramTests.debug.xcconfig"; sourceTree = "<group>"; };
/* End PBXFileReference section */

/* Begin PBXFrameworksBuildPhase section */
		A577F396237F30F90089981F /* Frameworks */ = {
			isa = PBXFrameworksBuildPhase;
			buildActionMask = 2147483647;
			files = (
				C148F40F534C0721AE00E5A7 /* Pods_Parstagram.framework in Frameworks */,
			);
			runOnlyForDeploymentPostprocessing = 0;
		};
		A577F3AC237F30FB0089981F /* Frameworks */ = {
			isa = PBXFrameworksBuildPhase;
			buildActionMask = 2147483647;
			files = (
				A462C8A9D72FC6C718BE1385 /* Pods_ParstagramTests.framework in Frameworks */,
			);
			runOnlyForDeploymentPostprocessing = 0;
		};
		A577F3B7237F30FB0089981F /* Frameworks */ = {
			isa = PBXFrameworksBuildPhase;
			buildActionMask = 2147483647;
			files = (
				B7F0309ED3989B063715C900 /* Pods_Parstagram_ParstagramUITests.framework in Frameworks */,
			);
			runOnlyForDeploymentPostprocessing = 0;
		};
/* End PBXFrameworksBuildPhase section */

/* Begin PBXGroup section */
		75B3BD3B55B18FC52F7BA030 /* Pods */ = {
			isa = PBXGroup;
			children = (
				48B49C03FD1CC12CB06C890D /* Pods-Parstagram.debug.xcconfig */,
				E8642423BB22BF07852353C7 /* Pods-Parstagram.release.xcconfig */,
				2699060E3885F5FAD1E59753 /* Pods-Parstagram-ParstagramUITests.debug.xcconfig */,
				A45CF858D7037DF5FD50729F /* Pods-Parstagram-ParstagramUITests.release.xcconfig */,
				EA7AAA79C36172BFA659568B /* Pods-ParstagramTests.debug.xcconfig */,
				E6B0A9530613E1C87AB7D71B /* Pods-ParstagramTests.release.xcconfig */,
			);
			path = Pods;
			sourceTree = "<group>";
		};
		99B698E6519DF82FBB3FE42A /* Frameworks */ = {
			isa = PBXGroup;
			children = (
				5AA3F8F2C0E8DB3022FEC16D /* Pods_Parstagram.framework */,
				DF608A91EB2A1446AC223BF5 /* Pods_Parstagram_ParstagramUITests.framework */,
				E8A95AE507E61A3E37990EBB /* Pods_ParstagramTests.framework */,
			);
			name = Frameworks;
			sourceTree = "<group>";
		};
		A577F390237F30F90089981F = {
			isa = PBXGroup;
			children = (
				A577F39B237F30FA0089981F /* Parstagram */,
				A577F3B2237F30FB0089981F /* ParstagramTests */,
				A577F3BD237F30FB0089981F /* ParstagramUITests */,
				A577F39A237F30FA0089981F /* Products */,
				75B3BD3B55B18FC52F7BA030 /* Pods */,
				99B698E6519DF82FBB3FE42A /* Frameworks */,
			);
			sourceTree = "<group>";
		};
		A577F39A237F30FA0089981F /* Products */ = {
			isa = PBXGroup;
			children = (
				A577F399237F30FA0089981F /* Parstagram.app */,
				A577F3AF237F30FB0089981F /* ParstagramTests.xctest */,
				A577F3BA237F30FB0089981F /* ParstagramUITests.xctest */,
			);
			name = Products;
			sourceTree = "<group>";
		};
		A577F39B237F30FA0089981F /* Parstagram */ = {
			isa = PBXGroup;
			children = (
				A577F39C237F30FA0089981F /* AppDelegate.swift */,
				A577F39E237F30FA0089981F /* SceneDelegate.swift */,
				A577F3A2237F30FA0089981F /* Main.storyboard */,
				A577F3A5237F30FB0089981F /* Assets.xcassets */,
				A577F3A7237F30FB0089981F /* LaunchScreen.storyboard */,
				A577F3AA237F30FB0089981F /* Info.plist */,
				A577F3CC237F37470089981F /* LoginViewController.swift */,
				A577F3CE237F374E0089981F /* FeedViewController.swift */,
				A577F3D0237F44950089981F /* CameraViewController.swift */,
				A577F3D2237F72F80089981F /* PostCell.swift */,
				A5F59AC12388CE460040A1C9 /* CommentCell.swift */,
			);
			path = Parstagram;
			sourceTree = "<group>";
		};
		A577F3B2237F30FB0089981F /* ParstagramTests */ = {
			isa = PBXGroup;
			children = (
				A577F3B3237F30FB0089981F /* ParstagramTests.swift */,
				A577F3B5237F30FB0089981F /* Info.plist */,
			);
			path = ParstagramTests;
			sourceTree = "<group>";
		};
		A577F3BD237F30FB0089981F /* ParstagramUITests */ = {
			isa = PBXGroup;
			children = (
				A577F3BE237F30FB0089981F /* ParstagramUITests.swift */,
				A577F3C0237F30FB0089981F /* Info.plist */,
			);
			path = ParstagramUITests;
			sourceTree = "<group>";
		};
/* End PBXGroup section */

/* Begin PBXNativeTarget section */
		A577F398237F30F90089981F /* Parstagram */ = {
			isa = PBXNativeTarget;
			buildConfigurationList = A577F3C3237F30FB0089981F /* Build configuration list for PBXNativeTarget "Parstagram" */;
			buildPhases = (
				DE1D1882DBA265BBDA798898 /* [CP] Check Pods Manifest.lock */,
				A577F395237F30F90089981F /* Sources */,
				A577F396237F30F90089981F /* Frameworks */,
				A577F397237F30F90089981F /* Resources */,
				E1F3442B650E381F960C664A /* [CP] Embed Pods Frameworks */,
			);
			buildRules = (
			);
			dependencies = (
			);
			name = Parstagram;
			productName = Parstagram;
			productReference = A577F399237F30FA0089981F /* Parstagram.app */;
			productType = "com.apple.product-type.application";
		};
		A577F3AE237F30FB0089981F /* ParstagramTests */ = {
			isa = PBXNativeTarget;
			buildConfigurationList = A577F3C6237F30FB0089981F /* Build configuration list for PBXNativeTarget "ParstagramTests" */;
			buildPhases = (
				8BD5C67673FD1E9CD204B123 /* [CP] Check Pods Manifest.lock */,
				A577F3AB237F30FB0089981F /* Sources */,
				A577F3AC237F30FB0089981F /* Frameworks */,
				A577F3AD237F30FB0089981F /* Resources */,
			);
			buildRules = (
			);
			dependencies = (
				A577F3B1237F30FB0089981F /* PBXTargetDependency */,
			);
			name = ParstagramTests;
			productName = ParstagramTests;
			productReference = A577F3AF237F30FB0089981F /* ParstagramTests.xctest */;
			productType = "com.apple.product-type.bundle.unit-test";
		};
		A577F3B9237F30FB0089981F /* ParstagramUITests */ = {
			isa = PBXNativeTarget;
			buildConfigurationList = A577F3C9237F30FB0089981F /* Build configuration list for PBXNativeTarget "ParstagramUITests" */;
			buildPhases = (
				1BD2C46D5185C0C22503D3BD /* [CP] Check Pods Manifest.lock */,
				A577F3B6237F30FB0089981F /* Sources */,
				A577F3B7237F30FB0089981F /* Frameworks */,
				A577F3B8237F30FB0089981F /* Resources */,
				AE1954403844B22D3EDA5544 /* [CP] Embed Pods Frameworks */,
			);
			buildRules = (
			);
			dependencies = (
				A577F3BC237F30FB0089981F /* PBXTargetDependency */,
			);
			name = ParstagramUITests;
			productName = ParstagramUITests;
			productReference = A577F3BA237F30FB0089981F /* ParstagramUITests.xctest */;
			productType = "com.apple.product-type.bundle.ui-testing";
		};
/* End PBXNativeTarget section */

/* Begin PBXProject section */
		A577F391237F30F90089981F /* Project object */ = {
			isa = PBXProject;
			attributes = {
				LastSwiftUpdateCheck = 1120;
				LastUpgradeCheck = 1120;
				ORGANIZATIONNAME = wi2;
				TargetAttributes = {
					A577F398237F30F90089981F = {
						CreatedOnToolsVersion = 11.2;
					};
					A577F3AE237F30FB0089981F = {
						CreatedOnToolsVersion = 11.2;
						TestTargetID = A577F398237F30F90089981F;
					};
					A577F3B9237F30FB0089981F = {
						CreatedOnToolsVersion = 11.2;
						TestTargetID = A577F398237F30F90089981F;
					};
				};
			};
			buildConfigurationList = A577F394237F30F90089981F /* Build configuration list for PBXProject "Parstagram" */;
			compatibilityVersion = "Xcode 9.3";
			developmentRegion = en;
			hasScannedForEncodings = 0;
			knownRegions = (
				en,
				Base,
			);
			mainGroup = A577F390237F30F90089981F;
			productRefGroup = A577F39A237F30FA0089981F /* Products */;
			projectDirPath = "";
			projectRoot = "";
			targets = (
				A577F398237F30F90089981F /* Parstagram */,
				A577F3AE237F30FB0089981F /* ParstagramTests */,
				A577F3B9237F30FB0089981F /* ParstagramUITests */,
			);
		};
/* End PBXProject section */

/* Begin PBXResourcesBuildPhase section */
		A577F397237F30F90089981F /* Resources */ = {
			isa = PBXResourcesBuildPhase;
			buildActionMask = 2147483647;
			files = (
				A577F3A9237F30FB0089981F /* LaunchScreen.storyboard in Resources */,
				A577F3A6237F30FB0089981F /* Assets.xcassets in Resources */,
				A577F3A4237F30FA0089981F /* Main.storyboard in Resources */,
			);
			runOnlyForDeploymentPostprocessing = 0;
		};
		A577F3AD237F30FB0089981F /* Resources */ = {
			isa = PBXResourcesBuildPhase;
			buildActionMask = 2147483647;
			files = (
			);
			runOnlyForDeploymentPostprocessing = 0;
		};
		A577F3B8237F30FB0089981F /* Resources */ = {
			isa = PBXResourcesBuildPhase;
			buildActionMask = 2147483647;
			files = (
			);
			runOnlyForDeploymentPostprocessing = 0;
		};
/* End PBXResourcesBuildPhase section */

/* Begin PBXShellScriptBuildPhase section */
		1BD2C46D5185C0C22503D3BD /* [CP] Check Pods Manifest.lock */ = {
			isa = PBXShellScriptBuildPhase;
			buildActionMask = 2147483647;
			files = (
			);
			inputFileListPaths = (
			);
			inputPaths = (
				"${PODS_PODFILE_DIR_PATH}/Podfile.lock",
				"${PODS_ROOT}/Manifest.lock",
			);
			name = "[CP] Check Pods Manifest.lock";
			outputFileListPaths = (
			);
			outputPaths = (
				"$(DERIVED_FILE_DIR)/Pods-Parstagram-ParstagramUITests-checkManifestLockResult.txt",
			);
			runOnlyForDeploymentPostprocessing = 0;
			shellPath = /bin/sh;
			shellScript = "diff \"${PODS_PODFILE_DIR_PATH}/Podfile.lock\" \"${PODS_ROOT}/Manifest.lock\" > /dev/null\nif [ $? != 0 ] ; then\n    # print error to STDERR\n    echo \"error: The sandbox is not in sync with the Podfile.lock. Run 'pod install' or update your CocoaPods installation.\" >&2\n    exit 1\nfi\n# This output is used by Xcode 'outputs' to avoid re-running this script phase.\necho \"SUCCESS\" > \"${SCRIPT_OUTPUT_FILE_0}\"\n";
			showEnvVarsInLog = 0;
		};
		8BD5C67673FD1E9CD204B123 /* [CP] Check Pods Manifest.lock */ = {
			isa = PBXShellScriptBuildPhase;
			buildActionMask = 2147483647;
			files = (
			);
			inputFileListPaths = (
			);
			inputPaths = (
				"${PODS_PODFILE_DIR_PATH}/Podfile.lock",
				"${PODS_ROOT}/Manifest.lock",
			);
			name = "[CP] Check Pods Manifest.lock";
			outputFileListPaths = (
			);
			outputPaths = (
				"$(DERIVED_FILE_DIR)/Pods-ParstagramTests-checkManifestLockResult.txt",
			);
			runOnlyForDeploymentPostprocessing = 0;
			shellPath = /bin/sh;
			shellScript = "diff \"${PODS_PODFILE_DIR_PATH}/Podfile.lock\" \"${PODS_ROOT}/Manifest.lock\" > /dev/null\nif [ $? != 0 ] ; then\n    # print error to STDERR\n    echo \"error: The sandbox is not in sync with the Podfile.lock. Run 'pod install' or update your CocoaPods installation.\" >&2\n    exit 1\nfi\n# This output is used by Xcode 'outputs' to avoid re-running this script phase.\necho \"SUCCESS\" > \"${SCRIPT_OUTPUT_FILE_0}\"\n";
			showEnvVarsInLog = 0;
		};
		AE1954403844B22D3EDA5544 /* [CP] Embed Pods Frameworks */ = {
			isa = PBXShellScriptBuildPhase;
			buildActionMask = 2147483647;
			files = (
			);
			inputFileListPaths = (
				"${PODS_ROOT}/Target Support Files/Pods-Parstagram-ParstagramUITests/Pods-Parstagram-ParstagramUITests-frameworks-${CONFIGURATION}-input-files.xcfilelist",
			);
			name = "[CP] Embed Pods Frameworks";
			outputFileListPaths = (
				"${PODS_ROOT}/Target Support Files/Pods-Parstagram-ParstagramUITests/Pods-Parstagram-ParstagramUITests-frameworks-${CONFIGURATION}-output-files.xcfilelist",
			);
			runOnlyForDeploymentPostprocessing = 0;
			shellPath = /bin/sh;
			shellScript = "\"${PODS_ROOT}/Target Support Files/Pods-Parstagram-ParstagramUITests/Pods-Parstagram-ParstagramUITests-frameworks.sh\"\n";
			showEnvVarsInLog = 0;
		};
		DE1D1882DBA265BBDA798898 /* [CP] Check Pods Manifest.lock */ = {
			isa = PBXShellScriptBuildPhase;
			buildActionMask = 2147483647;
			files = (
			);
			inputFileListPaths = (
			);
			inputPaths = (
				"${PODS_PODFILE_DIR_PATH}/Podfile.lock",
				"${PODS_ROOT}/Manifest.lock",
			);
			name = "[CP] Check Pods Manifest.lock";
			outputFileListPaths = (
			);
			outputPaths = (
				"$(DERIVED_FILE_DIR)/Pods-Parstagram-checkManifestLockResult.txt",
			);
			runOnlyForDeploymentPostprocessing = 0;
			shellPath = /bin/sh;
			shellScript = "diff \"${PODS_PODFILE_DIR_PATH}/Podfile.lock\" \"${PODS_ROOT}/Manifest.lock\" > /dev/null\nif [ $? != 0 ] ; then\n    # print error to STDERR\n    echo \"error: The sandbox is not in sync with the Podfile.lock. Run 'pod install' or update your CocoaPods installation.\" >&2\n    exit 1\nfi\n# This output is used by Xcode 'outputs' to avoid re-running this script phase.\necho \"SUCCESS\" > \"${SCRIPT_OUTPUT_FILE_0}\"\n";
			showEnvVarsInLog = 0;
		};
		E1F3442B650E381F960C664A /* [CP] Embed Pods Frameworks */ = {
			isa = PBXShellScriptBuildPhase;
			buildActionMask = 2147483647;
			files = (
			);
			inputFileListPaths = (
				"${PODS_ROOT}/Target Support Files/Pods-Parstagram/Pods-Parstagram-frameworks-${CONFIGURATION}-input-files.xcfilelist",
			);
			name = "[CP] Embed Pods Frameworks";
			outputFileListPaths = (
				"${PODS_ROOT}/Target Support Files/Pods-Parstagram/Pods-Parstagram-frameworks-${CONFIGURATION}-output-files.xcfilelist",
			);
			runOnlyForDeploymentPostprocessing = 0;
			shellPath = /bin/sh;
			shellScript = "\"${PODS_ROOT}/Target Support Files/Pods-Parstagram/Pods-Parstagram-frameworks.sh\"\n";
			showEnvVarsInLog = 0;
		};
/* End PBXShellScriptBuildPhase section */

/* Begin PBXSourcesBuildPhase section */
		A577F395237F30F90089981F /* Sources */ = {
			isa = PBXSourcesBuildPhase;
			buildActionMask = 2147483647;
			files = (
				A577F3CD237F37470089981F /* LoginViewController.swift in Sources */,
				A577F3D1237F44950089981F /* CameraViewController.swift in Sources */,
				A577F39D237F30FA0089981F /* AppDelegate.swift in Sources */,
				A577F3CF237F374E0089981F /* FeedViewController.swift in Sources */,
				A577F39F237F30FA0089981F /* SceneDelegate.swift in Sources */,
				A577F3D3237F72F80089981F /* PostCell.swift in Sources */,
				A5F59AC22388CE460040A1C9 /* CommentCell.swift in Sources */,
			);
			runOnlyForDeploymentPostprocessing = 0;
		};
		A577F3AB237F30FB0089981F /* Sources */ = {
			isa = PBXSourcesBuildPhase;
			buildActionMask = 2147483647;
			files = (
				A577F3B4237F30FB0089981F /* ParstagramTests.swift in Sources */,
			);
			runOnlyForDeploymentPostprocessing = 0;
		};
		A577F3B6237F30FB0089981F /* Sources */ = {
			isa = PBXSourcesBuildPhase;
			buildActionMask = 2147483647;
			files = (
				A577F3BF237F30FB0089981F /* ParstagramUITests.swift in Sources */,
			);
			runOnlyForDeploymentPostprocessing = 0;
		};
/* End PBXSourcesBuildPhase section */

/* Begin PBXTargetDependency section */
		A577F3B1237F30FB0089981F /* PBXTargetDependency */ = {
			isa = PBXTargetDependency;
			target = A577F398237F30F90089981F /* Parstagram */;
			targetProxy = A577F3B0237F30FB0089981F /* PBXContainerItemProxy */;
		};
		A577F3BC237F30FB0089981F /* PBXTargetDependency */ = {
			isa = PBXTargetDependency;
			target = A577F398237F30F90089981F /* Parstagram */;
			targetProxy = A577F3BB237F30FB0089981F /* PBXContainerItemProxy */;
		};
/* End PBXTargetDependency section */

/* Begin PBXVariantGroup section */
		A577F3A2237F30FA0089981F /* Main.storyboard */ = {
			isa = PBXVariantGroup;
			children = (
				A577F3A3237F30FA0089981F /* Base */,
			);
			name = Main.storyboard;
			sourceTree = "<group>";
		};
		A577F3A7237F30FB0089981F /* LaunchScreen.storyboard */ = {
			isa = PBXVariantGroup;
			children = (
				A577F3A8237F30FB0089981F /* Base */,
			);
			name = LaunchScreen.storyboard;
			sourceTree = "<group>";
		};
/* End PBXVariantGroup section */

/* Begin XCBuildConfiguration section */
		A577F3C1237F30FB0089981F /* Debug */ = {
			isa = XCBuildConfiguration;
			buildSettings = {
				ALWAYS_SEARCH_USER_PATHS = NO;
				CLANG_ANALYZER_NONNULL = YES;
				CLANG_ANALYZER_NUMBER_OBJECT_CONVERSION = YES_AGGRESSIVE;
				CLANG_CXX_LANGUAGE_STANDARD = "gnu++14";
				CLANG_CXX_LIBRARY = "libc++";
				CLANG_ENABLE_MODULES = YES;
				CLANG_ENABLE_OBJC_ARC = YES;
				CLANG_ENABLE_OBJC_WEAK = YES;
				CLANG_WARN_BLOCK_CAPTURE_AUTORELEASING = YES;
				CLANG_WARN_BOOL_CONVERSION = YES;
				CLANG_WARN_COMMA = YES;
				CLANG_WARN_CONSTANT_CONVERSION = YES;
				CLANG_WARN_DEPRECATED_OBJC_IMPLEMENTATIONS = YES;
				CLANG_WARN_DIRECT_OBJC_ISA_USAGE = YES_ERROR;
				CLANG_WARN_DOCUMENTATION_COMMENTS = YES;
				CLANG_WARN_EMPTY_BODY = YES;
				CLANG_WARN_ENUM_CONVERSION = YES;
				CLANG_WARN_INFINITE_RECURSION = YES;
				CLANG_WARN_INT_CONVERSION = YES;
				CLANG_WARN_NON_LITERAL_NULL_CONVERSION = YES;
				CLANG_WARN_OBJC_IMPLICIT_RETAIN_SELF = YES;
				CLANG_WARN_OBJC_LITERAL_CONVERSION = YES;
				CLANG_WARN_OBJC_ROOT_CLASS = YES_ERROR;
				CLANG_WARN_RANGE_LOOP_ANALYSIS = YES;
				CLANG_WARN_STRICT_PROTOTYPES = YES;
				CLANG_WARN_SUSPICIOUS_MOVE = YES;
				CLANG_WARN_UNGUARDED_AVAILABILITY = YES_AGGRESSIVE;
				CLANG_WARN_UNREACHABLE_CODE = YES;
				CLANG_WARN__DUPLICATE_METHOD_MATCH = YES;
				COPY_PHASE_STRIP = NO;
				DEBUG_INFORMATION_FORMAT = dwarf;
				ENABLE_STRICT_OBJC_MSGSEND = YES;
				ENABLE_TESTABILITY = YES;
				GCC_C_LANGUAGE_STANDARD = gnu11;
				GCC_DYNAMIC_NO_PIC = NO;
				GCC_NO_COMMON_BLOCKS = YES;
				GCC_OPTIMIZATION_LEVEL = 0;
				GCC_PREPROCESSOR_DEFINITIONS = (
					"DEBUG=1",
					"$(inherited)",
				);
				GCC_WARN_64_TO_32_BIT_CONVERSION = YES;
				GCC_WARN_ABOUT_RETURN_TYPE = YES_ERROR;
				GCC_WARN_UNDECLARED_SELECTOR = YES;
				GCC_WARN_UNINITIALIZED_AUTOS = YES_AGGRESSIVE;
				GCC_WARN_UNUSED_FUNCTION = YES;
				GCC_WARN_UNUSED_VARIABLE = YES;
				IPHONEOS_DEPLOYMENT_TARGET = 13.2;
				MTL_ENABLE_DEBUG_INFO = INCLUDE_SOURCE;
				MTL_FAST_MATH = YES;
				ONLY_ACTIVE_ARCH = YES;
				SDKROOT = iphoneos;
				SWIFT_ACTIVE_COMPILATION_CONDITIONS = DEBUG;
				SWIFT_OPTIMIZATION_LEVEL = "-Onone";
			};
			name = Debug;
		};
		A577F3C2237F30FB0089981F /* Release */ = {
			isa = XCBuildConfiguration;
			buildSettings = {
				ALWAYS_SEARCH_USER_PATHS = NO;
				CLANG_ANALYZER_NONNULL = YES;
				CLANG_ANALYZER_NUMBER_OBJECT_CONVERSION = YES_AGGRESSIVE;
				CLANG_CXX_LANGUAGE_STANDARD = "gnu++14";
				CLANG_CXX_LIBRARY = "libc++";
				CLANG_ENABLE_MODULES = YES;
				CLANG_ENABLE_OBJC_ARC = YES;
				CLANG_ENABLE_OBJC_WEAK = YES;
				CLANG_WARN_BLOCK_CAPTURE_AUTORELEASING = YES;
				CLANG_WARN_BOOL_CONVERSION = YES;
				CLANG_WARN_COMMA = YES;
				CLANG_WARN_CONSTANT_CONVERSION = YES;
				CLANG_WARN_DEPRECATED_OBJC_IMPLEMENTATIONS = YES;
				CLANG_WARN_DIRECT_OBJC_ISA_USAGE = YES_ERROR;
				CLANG_WARN_DOCUMENTATION_COMMENTS = YES;
				CLANG_WARN_EMPTY_BODY = YES;
				CLANG_WARN_ENUM_CONVERSION = YES;
				CLANG_WARN_INFINITE_RECURSION = YES;
				CLANG_WARN_INT_CONVERSION = YES;
				CLANG_WARN_NON_LITERAL_NULL_CONVERSION = YES;
				CLANG_WARN_OBJC_IMPLICIT_RETAIN_SELF = YES;
				CLANG_WARN_OBJC_LITERAL_CONVERSION = YES;
				CLANG_WARN_OBJC_ROOT_CLASS = YES_ERROR;
				CLANG_WARN_RANGE_LOOP_ANALYSIS = YES;
				CLANG_WARN_STRICT_PROTOTYPES = YES;
				CLANG_WARN_SUSPICIOUS_MOVE = YES;
				CLANG_WARN_UNGUARDED_AVAILABILITY = YES_AGGRESSIVE;
				CLANG_WARN_UNREACHABLE_CODE = YES;
				CLANG_WARN__DUPLICATE_METHOD_MATCH = YES;
				COPY_PHASE_STRIP = NO;
				DEBUG_INFORMATION_FORMAT = "dwarf-with-dsym";
				ENABLE_NS_ASSERTIONS = NO;
				ENABLE_STRICT_OBJC_MSGSEND = YES;
				GCC_C_LANGUAGE_STANDARD = gnu11;
				GCC_NO_COMMON_BLOCKS = YES;
				GCC_WARN_64_TO_32_BIT_CONVERSION = YES;
				GCC_WARN_ABOUT_RETURN_TYPE = YES_ERROR;
				GCC_WARN_UNDECLARED_SELECTOR = YES;
				GCC_WARN_UNINITIALIZED_AUTOS = YES_AGGRESSIVE;
				GCC_WARN_UNUSED_FUNCTION = YES;
				GCC_WARN_UNUSED_VARIABLE = YES;
				IPHONEOS_DEPLOYMENT_TARGET = 13.2;
				MTL_ENABLE_DEBUG_INFO = NO;
				MTL_FAST_MATH = YES;
				SDKROOT = iphoneos;
				SWIFT_COMPILATION_MODE = wholemodule;
				SWIFT_OPTIMIZATION_LEVEL = "-O";
				VALIDATE_PRODUCT = YES;
			};
			name = Release;
		};
		A577F3C4237F30FB0089981F /* Debug */ = {
			isa = XCBuildConfiguration;
			baseConfigurationReference = 48B49C03FD1CC12CB06C890D /* Pods-Parstagram.debug.xcconfig */;
			buildSettings = {
				ASSETCATALOG_COMPILER_APPICON_NAME = AppIcon;
				CODE_SIGN_STYLE = Automatic;
				DEVELOPMENT_TEAM = CQDTS59CXG;
				INFOPLIST_FILE = Parstagram/Info.plist;
				LD_RUNPATH_SEARCH_PATHS = (
					"$(inherited)",
					"@executable_path/Frameworks",
				);
				PRODUCT_BUNDLE_IDENTIFIER = wi2.Parstagram;
				PRODUCT_NAME = "$(TARGET_NAME)";
				SWIFT_VERSION = 5.0;
				TARGETED_DEVICE_FAMILY = "1,2";
			};
			name = Debug;
		};
		A577F3C5237F30FB0089981F /* Release */ = {
			isa = XCBuildConfiguration;
			baseConfigurationReference = E8642423BB22BF07852353C7 /* Pods-Parstagram.release.xcconfig */;
			buildSettings = {
				ASSETCATALOG_COMPILER_APPICON_NAME = AppIcon;
				CODE_SIGN_STYLE = Automatic;
				DEVELOPMENT_TEAM = CQDTS59CXG;
				INFOPLIST_FILE = Parstagram/Info.plist;
				LD_RUNPATH_SEARCH_PATHS = (
					"$(inherited)",
					"@executable_path/Frameworks",
				);
				PRODUCT_BUNDLE_IDENTIFIER = wi2.Parstagram;
				PRODUCT_NAME = "$(TARGET_NAME)";
				SWIFT_VERSION = 5.0;
				TARGETED_DEVICE_FAMILY = "1,2";
			};
			name = Release;
		};
		A577F3C7237F30FB0089981F /* Debug */ = {
			isa = XCBuildConfiguration;
			baseConfigurationReference = EA7AAA79C36172BFA659568B /* Pods-ParstagramTests.debug.xcconfig */;
			buildSettings = {
				ALWAYS_EMBED_SWIFT_STANDARD_LIBRARIES = YES;
				BUNDLE_LOADER = "$(TEST_HOST)";
				CODE_SIGN_STYLE = Automatic;
				DEVELOPMENT_TEAM = CQDTS59CXG;
				INFOPLIST_FILE = ParstagramTests/Info.plist;
				IPHONEOS_DEPLOYMENT_TARGET = 13.2;
				LD_RUNPATH_SEARCH_PATHS = (
					"$(inherited)",
					"@executable_path/Frameworks",
					"@loader_path/Frameworks",
				);
				PRODUCT_BUNDLE_IDENTIFIER = wi2.ParstagramTests;
				PRODUCT_NAME = "$(TARGET_NAME)";
				SWIFT_VERSION = 5.0;
				TARGETED_DEVICE_FAMILY = "1,2";
				TEST_HOST = "$(BUILT_PRODUCTS_DIR)/Parstagram.app/Parstagram";
			};
			name = Debug;
		};
		A577F3C8237F30FB0089981F /* Release */ = {
			isa = XCBuildConfiguration;
			baseConfigurationReference = E6B0A9530613E1C87AB7D71B /* Pods-ParstagramTests.release.xcconfig */;
			buildSettings = {
				ALWAYS_EMBED_SWIFT_STANDARD_LIBRARIES = YES;
				BUNDLE_LOADER = "$(TEST_HOST)";
				CODE_SIGN_STYLE = Automatic;
				DEVELOPMENT_TEAM = CQDTS59CXG;
				INFOPLIST_FILE = ParstagramTests/Info.plist;
				IPHONEOS_DEPLOYMENT_TARGET = 13.2;
				LD_RUNPATH_SEARCH_PATHS = (
					"$(inherited)",
					"@executable_path/Frameworks",
					"@loader_path/Frameworks",
				);
				PRODUCT_BUNDLE_IDENTIFIER = wi2.ParstagramTests;
				PRODUCT_NAME = "$(TARGET_NAME)";
				SWIFT_VERSION = 5.0;
				TARGETED_DEVICE_FAMILY = "1,2";
				TEST_HOST = "$(BUILT_PRODUCTS_DIR)/Parstagram.app/Parstagram";
			};
			name = Release;
		};
		A577F3CA237F30FB0089981F /* Debug */ = {
			isa = XCBuildConfiguration;
			baseConfigurationReference = 2699060E3885F5FAD1E59753 /* Pods-Parstagram-ParstagramUITests.debug.xcconfig */;
			buildSettings = {
				ALWAYS_EMBED_SWIFT_STANDARD_LIBRARIES = YES;
				CODE_SIGN_STYLE = Automatic;
				DEVELOPMENT_TEAM = CQDTS59CXG;
				INFOPLIST_FILE = ParstagramUITests/Info.plist;
				LD_RUNPATH_SEARCH_PATHS = (
					"$(inherited)",
					"@executable_path/Frameworks",
					"@loader_path/Frameworks",
				);
				PRODUCT_BUNDLE_IDENTIFIER = wi2.ParstagramUITests;
				PRODUCT_NAME = "$(TARGET_NAME)";
				SWIFT_VERSION = 5.0;
				TARGETED_DEVICE_FAMILY = "1,2";
				TEST_TARGET_NAME = Parstagram;
			};
			name = Debug;
		};
		A577F3CB237F30FB0089981F /* Release */ = {
			isa = XCBuildConfiguration;
			baseConfigurationReference = A45CF858D7037DF5FD50729F /* Pods-Parstagram-ParstagramUITests.release.xcconfig */;
			buildSettings = {
				ALWAYS_EMBED_SWIFT_STANDARD_LIBRARIES = YES;
				CODE_SIGN_STYLE = Automatic;
				DEVELOPMENT_TEAM = CQDTS59CXG;
				INFOPLIST_FILE = ParstagramUITests/Info.plist;
				LD_RUNPATH_SEARCH_PATHS = (
					"$(inherited)",
					"@executable_path/Frameworks",
					"@loader_path/Frameworks",
				);
				PRODUCT_BUNDLE_IDENTIFIER = wi2.ParstagramUITests;
				PRODUCT_NAME = "$(TARGET_NAME)";
				SWIFT_VERSION = 5.0;
				TARGETED_DEVICE_FAMILY = "1,2";
				TEST_TARGET_NAME = Parstagram;
			};
			name = Release;
		};
/* End XCBuildConfiguration section */

/* Begin XCConfigurationList section */
		A577F394237F30F90089981F /* Build configuration list for PBXProject "Parstagram" */ = {
			isa = XCConfigurationList;
			buildConfigurations = (
				A577F3C1237F30FB0089981F /* Debug */,
				A577F3C2237F30FB0089981F /* Release */,
			);
			defaultConfigurationIsVisible = 0;
			defaultConfigurationName = Release;
		};
		A577F3C3237F30FB0089981F /* Build configuration list for PBXNativeTarget "Parstagram" */ = {
			isa = XCConfigurationList;
			buildConfigurations = (
				A577F3C4237F30FB0089981F /* Debug */,
				A577F3C5237F30FB0089981F /* Release */,
			);
			defaultConfigurationIsVisible = 0;
			defaultConfigurationName = Release;
		};
		A577F3C6237F30FB0089981F /* Build configuration list for PBXNativeTarget "ParstagramTests" */ = {
			isa = XCConfigurationList;
			buildConfigurations = (
				A577F3C7237F30FB0089981F /* Debug */,
				A577F3C8237F30FB0089981F /* Release */,
			);
			defaultConfigurationIsVisible = 0;
			defaultConfigurationName = Release;
		};
		A577F3C9237F30FB0089981F /* Build configuration list for PBXNativeTarget "ParstagramUITests" */ = {
			isa = XCConfigurationList;
			buildConfigurations = (
				A577F3CA237F30FB0089981F /* Debug */,
				A577F3CB237F30FB0089981F /* Release */,
			);
			defaultConfigurationIsVisible = 0;
			defaultConfigurationName = Release;
		};
/* End XCConfigurationList section */
	};
	rootObject = A577F391237F30F90089981F /* Project object */;
}
